
Microsoft Visual Studio Solution File, Format Version 12.00
# Visual Studio Version 17
VisualStudioVersion = 17.0.31912.275
MinimumVisualStudioVersion = 10.0.40219.1
Project("{9A19103F-16F7-4668-BE54-9A1E7A4F7556}") = "TodoApp.API", "TodoApp.API\TodoApp.API.csproj", "{7473A769-C811-402D-AE3B-42026F3726EB}"
EndProject
Global
	GlobalSection(SolutionConfigurationPlatforms) = preSolution
		Debug|Any CPU = Debug|Any CPU
		Release|Any CPU = Release|Any CPU
	EndGlobalSection
	GlobalSection(ProjectConfigurationPlatforms) = postSolution
		{7473A769-C811-402D-AE3B-42026F3726EB}.Debug|Any CPU.ActiveCfg = Debug|Any CPU
		{7473A769-C811-402D-AE3B-42026F3726EB}.Debug|Any CPU.Build.0 = Debug|Any CPU
		{7473A769-C811-402D-AE3B-42026F3726EB}.Release|Any CPU.ActiveCfg = Release|Any CPU
		{7473A769-C811-402D-AE3B-42026F3726EB}.Release|Any CPU.Build.0 = Release|Any CPU
	EndGlobalSection
	GlobalSection(SolutionProperties) = preSolution
		HideSolutionNode = FALSE
	EndGlobalSection
	GlobalSection(ExtensibilityGlobals) = postSolution
		SolutionGuid = {4E5CBF22-3CCA-46ED-B682-7D2FEDED9E76}
	EndGlobalSection
EndGlobal
